
Microsoft Visual Studio Solution File, Format Version 12.00
# Visual Studio Version 17
VisualStudioVersion = 17.6.33417.168
MinimumVisualStudioVersion = 10.0.40219.1
Project("{FAE04EC0-301F-11D3-BF4B-00C04F79EFBC}") = "GameGearMicroCFWPackager", "GameGearMicroCFWPackager.csproj", "{559C7B04-59B3-4BBB-BA4D-3BFFAFE8BD51}"
EndProject
Global
	GlobalSection(SolutionConfigurationPlatforms) = preSolution
		Debug|Any CPU = Debug|Any CPU
		Release|Any CPU = Release|Any CPU
	EndGlobalSection
	GlobalSection(ProjectConfigurationPlatforms) = postSolution
		{559C7B04-59B3-4BBB-BA4D-3BFFAFE8BD51}.Debug|Any CPU.ActiveCfg = Debug|Any CPU
		{559C7B04-59B3-4BBB-BA4D-3BFFAFE8BD51}.Debug|Any CPU.Build.0 = Debug|Any CPU
		{559C7B04-59B3-4BBB-BA4D-3BFFAFE8BD51}.Release|Any CPU.ActiveCfg = Release|Any CPU
		{559C7B04-59B3-4BBB-BA4D-3BFFAFE8BD51}.Release|Any CPU.Build.0 = Release|Any CPU
	EndGlobalSection
	GlobalSection(SolutionProperties) = preSolution
		HideSolutionNode = FALSE
	EndGlobalSection
	GlobalSection(ExtensibilityGlobals) = postSolution
		SolutionGuid = {14BE2730-9C11-4D89-8C7D-438923F2DED7}
	EndGlobalSection
EndGlobal
